
Microsoft Visual Studio Solution File, Format Version 12.00
# Visual Studio 15
VisualStudioVersion = 15.0.28010.2050
MinimumVisualStudioVersion = 10.0.40219.1
Project("{9A19103F-16F7-4668-BE54-9A1E7A4F7556}") = "ParkShark.Model", "ParkShark.Model\ParkShark.Model.csproj", "{C99C6D30-BED6-4D50-958C-C736078E1076}"
EndProject
Project("{9A19103F-16F7-4668-BE54-9A1E7A4F7556}") = "ParkShark.Services", "ParkShark.Services\ParkShark.Services.csproj", "{ADDD040E-91E1-4100-9BB7-E4F5796717E7}"
EndProject
Project("{9A19103F-16F7-4668-BE54-9A1E7A4F7556}") = "ParkShark.API.Tests", "ParkShark.API.Tests\ParkShark.API.Tests.csproj", "{35482166-9FB6-440D-AC25-34034A01A109}"
EndProject
Project("{9A19103F-16F7-4668-BE54-9A1E7A4F7556}") = "ParkShark.Services.Tests", "ParkShark.Services.Tests\ParkShark.Services.Tests.csproj", "{14D637DD-FA94-4DAD-82CA-13A2B394651C}"
EndProject
Project("{9A19103F-16F7-4668-BE54-9A1E7A4F7556}") = "ParkShark.Model.Tests", "ParkShark.Model.Tests\ParkShark.Model.Tests.csproj", "{A6B9BC9B-FFBF-408E-AD32-DCFCDA140E45}"
EndProject
Project("{9A19103F-16F7-4668-BE54-9A1E7A4F7556}") = "ParkShark.Infrastructure", "ParkShark.Infrastructure\ParkShark.Infrastructure.csproj", "{E5C7CE11-F4D4-4A32-88CA-1C7235290AF0}"
EndProject
Project("{9A19103F-16F7-4668-BE54-9A1E7A4F7556}") = "ParkShark.API", "ParkShark.API\ParkShark.API.csproj", "{434EE825-935F-4833-B91C-3DBB457063BB}"
EndProject
Project("{FAE04EC0-301F-11D3-BF4B-00C04F79EFBC}") = "ParkShark.Integration.Tests", "ParkShark.Integration.Tests\ParkShark.Integration.Tests.csproj", "{476CF785-4AB2-4F99-B14D-A1A1DCDA38D2}"
EndProject
Global
	GlobalSection(SolutionConfigurationPlatforms) = preSolution
		Debug|Any CPU = Debug|Any CPU
		Release|Any CPU = Release|Any CPU
	EndGlobalSection
	GlobalSection(ProjectConfigurationPlatforms) = postSolution
		{C99C6D30-BED6-4D50-958C-C736078E1076}.Debug|Any CPU.ActiveCfg = Debug|Any CPU
		{C99C6D30-BED6-4D50-958C-C736078E1076}.Debug|Any CPU.Build.0 = Debug|Any CPU
		{C99C6D30-BED6-4D50-958C-C736078E1076}.Release|Any CPU.ActiveCfg = Release|Any CPU
		{C99C6D30-BED6-4D50-958C-C736078E1076}.Release|Any CPU.Build.0 = Release|Any CPU
		{ADDD040E-91E1-4100-9BB7-E4F5796717E7}.Debug|Any CPU.ActiveCfg = Debug|Any CPU
		{ADDD040E-91E1-4100-9BB7-E4F5796717E7}.Debug|Any CPU.Build.0 = Debug|Any CPU
		{ADDD040E-91E1-4100-9BB7-E4F5796717E7}.Release|Any CPU.ActiveCfg = Release|Any CPU
		{ADDD040E-91E1-4100-9BB7-E4F5796717E7}.Release|Any CPU.Build.0 = Release|Any CPU
		{35482166-9FB6-440D-AC25-34034A01A109}.Debug|Any CPU.ActiveCfg = Debug|Any CPU
		{35482166-9FB6-440D-AC25-34034A01A109}.Debug|Any CPU.Build.0 = Debug|Any CPU
		{35482166-9FB6-440D-AC25-34034A01A109}.Release|Any CPU.ActiveCfg = Release|Any CPU
		{35482166-9FB6-440D-AC25-34034A01A109}.Release|Any CPU.Build.0 = Release|Any CPU
		{14D637DD-FA94-4DAD-82CA-13A2B394651C}.Debug|Any CPU.ActiveCfg = Debug|Any CPU
		{14D637DD-FA94-4DAD-82CA-13A2B394651C}.Debug|Any CPU.Build.0 = Debug|Any CPU
		{14D637DD-FA94-4DAD-82CA-13A2B394651C}.Release|Any CPU.ActiveCfg = Release|Any CPU
		{14D637DD-FA94-4DAD-82CA-13A2B394651C}.Release|Any CPU.Build.0 = Release|Any CPU
		{A6B9BC9B-FFBF-408E-AD32-DCFCDA140E45}.Debug|Any CPU.ActiveCfg = Debug|Any CPU
		{A6B9BC9B-FFBF-408E-AD32-DCFCDA140E45}.Debug|Any CPU.Build.0 = Debug|Any CPU
		{A6B9BC9B-FFBF-408E-AD32-DCFCDA140E45}.Release|Any CPU.ActiveCfg = Release|Any CPU
		{A6B9BC9B-FFBF-408E-AD32-DCFCDA140E45}.Release|Any CPU.Build.0 = Release|Any CPU
		{E5C7CE11-F4D4-4A32-88CA-1C7235290AF0}.Debug|Any CPU.ActiveCfg = Debug|Any CPU
		{E5C7CE11-F4D4-4A32-88CA-1C7235290AF0}.Debug|Any CPU.Build.0 = Debug|Any CPU
		{E5C7CE11-F4D4-4A32-88CA-1C7235290AF0}.Release|Any CPU.ActiveCfg = Release|Any CPU
		{E5C7CE11-F4D4-4A32-88CA-1C7235290AF0}.Release|Any CPU.Build.0 = Release|Any CPU
		{434EE825-935F-4833-B91C-3DBB457063BB}.Debug|Any CPU.ActiveCfg = Debug|Any CPU
		{434EE825-935F-4833-B91C-3DBB457063BB}.Debug|Any CPU.Build.0 = Debug|Any CPU
		{434EE825-935F-4833-B91C-3DBB457063BB}.Release|Any CPU.ActiveCfg = Release|Any CPU
		{434EE825-935F-4833-B91C-3DBB457063BB}.Release|Any CPU.Build.0 = Release|Any CPU
		{476CF785-4AB2-4F99-B14D-A1A1DCDA38D2}.Debug|Any CPU.ActiveCfg = Debug|Any CPU
		{476CF785-4AB2-4F99-B14D-A1A1DCDA38D2}.Debug|Any CPU.Build.0 = Debug|Any CPU
		{476CF785-4AB2-4F99-B14D-A1A1DCDA38D2}.Release|Any CPU.ActiveCfg = Release|Any CPU
		{476CF785-4AB2-4F99-B14D-A1A1DCDA38D2}.Release|Any CPU.Build.0 = Release|Any CPU
	EndGlobalSection
	GlobalSection(SolutionProperties) = preSolution
		HideSolutionNode = FALSE
	EndGlobalSection
	GlobalSection(ExtensibilityGlobals) = postSolution
		SolutionGuid = {B736AFC1-22D2-4A09-9339-1E78DA534CE7}
	EndGlobalSection
EndGlobal
